<?xml version="1.0" encoding="utf-8"?>
<Project ToolsVersion="4.0" xmlns="http://schemas.microsoft.com/developer/msbuild/2003">
  <ItemGroup>
    <Filter Include="Source Files">
      <UniqueIdentifier>{4FC737F1-C7A5-4376-A066-2A32D752A2FF}</UniqueIdentifier>
      <Extensions>cpp;c;cc;cxx;def;odl;idl;hpj;bat;asm;asmx</Extensions>
    </Filter>
    <Filter Include="Header Files">
      <UniqueIdentifier>{93995380-89BD-4b04-88EB-625FBE52EBFB}</UniqueIdentifier>
      <Extensions>h;hh;hpp;hxx;hm;inl;inc;xsd</Extensions>
    </Filter>
    <Filter Include="Resource Files">
      <UniqueIdentifier>{67DA6AB6-F800-4c08-8B7A-83BB121AAD01}</UniqueIdentifier>
      <Extensions>rc;ico;cur;bmp;dlg;rc2;rct;bin;rgs;gif;jpg;jpeg;jpe;resx;tiff;tif;png;wav;mfcribbon-ms</Extensions>
    </Filter>
  </ItemGroup>
  <ItemGroup>
    <ClCompile Include="imaging\bitmap.cpp">
      <Filter>Source Files</Filter>
    </ClCompile>
    <ClCompile Include="imaging\color.cpp">
      <Filter>Source Files</Filter>
    </ClCompile>
    <ClCompile Include="cameras\perspective-camera.cpp">
      <Filter>Source Files</Filter>
    </ClCompile>
    <ClCompile Include="primitives\sphere.cpp">
      <Filter>Source Files</Filter>
    </ClCompile>
    <ClCompile Include="app.cpp">
      <Filter>Source Files</Filter>
    </ClCompile>
    <ClCompile Include="math\rectangle3d.cpp">
      <Filter>Source Files</Filter>
    </ClCompile>
    <ClCompile Include="math\rectangle2d.cpp">
      <Filter>Source Files</Filter>
    </ClCompile>
    <ClCompile Include="primitives\union.cpp">
      <Filter>Source Files</Filter>
    </ClCompile>
    <ClCompile Include="math\matrix4d.cpp">
      <Filter>Source Files</Filter>
    </ClCompile>
    <ClCompile Include="math\transformation.cpp">
      <Filter>Source Files</Filter>
    </ClCompile>
    <ClCompile Include="math\ray.cpp">
      <Filter>Source Files</Filter>
    </ClCompile>
    <ClCompile Include="primitives\transformer.cpp">
      <Filter>Source Files</Filter>
    </ClCompile>
    <ClCompile Include="tests\main.cpp">
      <Filter>Source Files</Filter>
    </ClCompile>
    <ClCompile Include="materials\uniform-material.cpp">
      <Filter>Source Files</Filter>
    </ClCompile>
    <ClCompile Include="primitives\decorator.cpp">
      <Filter>Source Files</Filter>
    </ClCompile>
    <ClCompile Include="math\rasterizer.cpp">
      <Filter>Source Files</Filter>
    </ClCompile>
    <ClCompile Include="primitives\cylinder.cpp">
      <Filter>Source Files</Filter>
    </ClCompile>
    <ClCompile Include="logging.cpp">
      <Filter>Source Files</Filter>
    </ClCompile>
    <ClCompile Include="imaging\color-mapper.cpp">
      <Filter>Source Files</Filter>
    </ClCompile>
    <ClCompile Include="math\functions\patterns.cpp">
      <Filter>Source Files</Filter>
    </ClCompile>
    <ClCompile Include="materials\material.cpp">
      <Filter>Source Files</Filter>
    </ClCompile>
    <ClCompile Include="primitives\plane.cpp">
      <Filter>Source Files</Filter>
    </ClCompile>
    <ClCompile Include="primitives\intersection.cpp">
      <Filter>Source Files</Filter>
    </ClCompile>
    <ClCompile Include="cameras\orthographic-camera.cpp">
      <Filter>Source Files</Filter>
    </ClCompile>
    <ClCompile Include="cameras\fisheye-camera.cpp">
      <Filter>Source Files</Filter>
    </ClCompile>
    <ClCompile Include="tests\rasteriser-tests.cpp">
      <Filter>Source Files</Filter>
    </ClCompile>
    <ClCompile Include="tests\camera-transformation-tests.cpp">
      <Filter>Source Files</Filter>
    </ClCompile>
    <ClCompile Include="tests\perspective-camera-tests.cpp">
      <Filter>Source Files</Filter>
    </ClCompile>
    <ClCompile Include="tests\orthographic-camera-tests.cpp">
      <Filter>Source Files</Filter>
    </ClCompile>
    <ClCompile Include="lights\point-light.cpp">
      <Filter>Source Files</Filter>
    </ClCompile>
    <ClCompile Include="lights\omnidirectional-point-light.cpp">
      <Filter>Source Files</Filter>
    </ClCompile>
    <ClCompile Include="cameras\camera.cpp">
      <Filter>Source Files</Filter>
    </ClCompile>
    <ClCompile Include="primitives\cropper.cpp">
      <Filter>Source Files</Filter>
    </ClCompile>
    <ClCompile Include="primitives\disk.cpp">
      <Filter>Source Files</Filter>
    </ClCompile>
    <ClCompile Include="tests\intersection-tests.cpp">
      <Filter>Source Files</Filter>
    </ClCompile>
    <ClCompile Include="math\quadratic_equation.cpp">
      <Filter>Source Files</Filter>
    </ClCompile>
    <ClCompile Include="tests\cylinder-tests.cpp">
      <Filter>Source Files</Filter>
    </ClCompile>
    <ClCompile Include="lights\directional-light.cpp">
      <Filter>Source Files</Filter>
    </ClCompile>
    <ClCompile Include="primitives\triangle.cpp">
      <Filter>Source Files</Filter>
    </ClCompile>
    <ClCompile Include="tests\triangle-tests.cpp">
      <Filter>Source Files</Filter>
    </ClCompile>
    <ClCompile Include="math\box.cpp">
      <Filter>Source Files</Filter>
    </ClCompile>
    <ClCompile Include="primitives\bounding-box-accelerator.cpp">
      <Filter>Source Files</Filter>
    </ClCompile>
    <ClCompile Include="primitives\mesh.cpp">
      <Filter>Source Files</Filter>
    </ClCompile>
    <ClCompile Include="animation\duration.cpp">
      <Filter>Source Files</Filter>
    </ClCompile>
    <ClCompile Include="animation\time-stamp.cpp">
      <Filter>Source Files</Filter>
    </ClCompile>
    <ClCompile Include="animation\animation.cpp">
      <Filter>Source Files</Filter>
    </ClCompile>
    <ClCompile Include="lights\spot-light.cpp">
      <Filter>Source Files</Filter>
    </ClCompile>
    <ClCompile Include="math\quaternion.cpp">
      <Filter>Source Files</Filter>
    </ClCompile>
    <ClCompile Include="math\functions\random-function.cpp">
      <Filter>Source Files</Filter>
    </ClCompile>
    <ClCompile Include="math\functions\worley.cpp">
      <Filter>Source Files</Filter>
    </ClCompile>
    <ClCompile Include="materials\worley-material.cpp">
      <Filter>Source Files</Filter>
    </ClCompile>
    <ClCompile Include="primitives\fast-mesh.cpp">
      <Filter>Source Files</Filter>
    </ClCompile>
    <ClCompile Include="primitives\cone.cpp">
      <Filter>Source Files</Filter>
    </ClCompile>
    <ClCompile Include="tests\cone-tests.cpp">
      <Filter>Source Files</Filter>
    </ClCompile>
    <ClCompile Include="sampling\single-sampler.cpp">
      <Filter>Source Files</Filter>
    </ClCompile>
    <ClCompile Include="lights\light-ray.cpp">
      <Filter>Source Files</Filter>
    </ClCompile>
    <ClCompile Include="rendering\renderer.cpp">
      <Filter>Source Files</Filter>
    </ClCompile>
    <ClCompile Include="cameras\displaceable-camera.cpp">
      <Filter>Source Files</Filter>
    </ClCompile>
    <ClCompile Include="cameras\depth-of-field-perspective-camera.cpp">
      <Filter>Source Files</Filter>
    </ClCompile>
    <ClCompile Include="lights\area-light.cpp">
      <Filter>Source Files</Filter>
    </ClCompile>
    <ClCompile Include="raytracing\binary-ray-tracer.cpp">
      <Filter>Source Files</Filter>
    </ClCompile>
    <ClCompile Include="math\functions\easing-functions.cpp">
      <Filter>Source Files</Filter>
    </ClCompile>
    <ClCompile Include="tests\easing-functions-tests.cpp">
      <Filter>Source Files</Filter>
    </ClCompile>
    <ClCompile Include="math\functions\perlin.cpp">
      <Filter>Source Files</Filter>
    </ClCompile>
    <ClCompile Include="materials\marble-material.cpp">
      <Filter>Source Files</Filter>
    </ClCompile>
    <ClCompile Include="imaging\ppm-format.cpp">
      <Filter>Source Files</Filter>
    </ClCompile>
    <ClCompile Include="raytracing\ray-tracer-v1.cpp">
      <Filter>Source Files</Filter>
    </ClCompile>
    <ClCompile Include="raytracing\ray-tracer-v2.cpp">
      <Filter>Source Files</Filter>
    </ClCompile>
    <ClCompile Include="raytracing\ray-tracer-v3.cpp">
      <Filter>Source Files</Filter>
    </ClCompile>
    <ClCompile Include="raytracing\ray-tracer-v5.cpp">
      <Filter>Source Files</Filter>
    </ClCompile>
    <ClCompile Include="raytracing\ray-tracer-v4.cpp">
      <Filter>Source Files</Filter>
    </ClCompile>
    <ClCompile Include="materials\material-properties.cpp">
      <Filter>Source Files</Filter>
    </ClCompile>
    <ClCompile Include="raytracing\ray-tracer-v6.cpp">
      <Filter>Source Files</Filter>
    </ClCompile>
    <ClCompile Include="primitives\group.cpp">
      <Filter>Source Files</Filter>
    </ClCompile>
    <ClCompile Include="rendering\cartoon-renderer.cpp">
      <Filter>Source Files</Filter>
    </ClCompile>
    <ClCompile Include="materials\wood-material.cpp">
      <Filter>Source Files</Filter>
    </ClCompile>
    <ClCompile Include="demo\marble-animation-demo.cpp">
      <Filter>Source Files</Filter>
    </ClCompile>
    <ClCompile Include="demo\depth-of-field-demo.cpp">
      <Filter>Source Files</Filter>
    </ClCompile>
    <ClCompile Include="demo\fisheye-demo.cpp">
      <Filter>Source Files</Filter>
    </ClCompile>
    <ClCompile Include="rendering\edge-renderer.cpp">
      <Filter>Source Files</Filter>
    </ClCompile>
    <ClCompile Include="imaging\bmp-format.cpp">
      <Filter>Source Files</Filter>
    </ClCompile>
    <ClCompile Include="pipeline\animation-processor.cpp">
      <Filter>Source Files</Filter>
    </ClCompile>
    <ClCompile Include="pipeline\renderer-processor.cpp">
      <Filter>Source Files</Filter>
    </ClCompile>
    <ClCompile Include="pipeline\wif-consumer.cpp">
      <Filter>Source Files</Filter>
    </ClCompile>
    <ClCompile Include="pipeline\motion-blur-processor.cpp">
      <Filter>Source Files</Filter>
    </ClCompile>
    <ClCompile Include="imaging\wif-format.cpp">
      <Filter>Source Files</Filter>
    </ClCompile>
    <ClCompile Include="util\looper.cpp">
      <Filter>Source Files</Filter>
    </ClCompile>
    <ClCompile Include="rendering\standard-renderer.cpp">
      <Filter>Source Files</Filter>
    </ClCompile>
    <ClCompile Include="pipeline\overprint-processor.cpp">
      <Filter>Source Files</Filter>
    </ClCompile>
    <ClCompile Include="pipeline\inverter-processor.cpp">
      <Filter>Source Files</Filter>
    </ClCompile>
    <ClCompile Include="lights\anisotropic-light.cpp">
      <Filter>Source Files</Filter>
    </ClCompile>
    <ClCompile Include="math\functions\gauss.cpp">
      <Filter>Source Files</Filter>
    </ClCompile>
    <ClCompile Include="tests\coordinate-system-tests.cpp">
      <Filter>Source Files</Filter>
    </ClCompile>
    <ClCompile Include="math\quantize.cpp">
      <Filter>Source Files</Filter>
    </ClCompile>
    <ClCompile Include="materials\texture-material.cpp">
      <Filter>Source Files</Filter>
    </ClCompile>
    <ClCompile Include="imaging\bitmap-function.cpp">
      <Filter>Source Files</Filter>
    </ClCompile>
    <ClCompile Include="rendering\split-depth-renderer.cpp">
      <Filter>Source Files</Filter>
    </ClCompile>
    <ClCompile Include="primitives\bumpifier.cpp">
      <Filter>Source Files</Filter>
    </ClCompile>
    <ClCompile Include="demo\sphere-bumpifier-demo.cpp">
      <Filter>Source Files</Filter>
    </ClCompile>
    <ClCompile Include="demo\plane-bumpifier-demo.cpp">
      <Filter>Source Files</Filter>
    </ClCompile>
    <ClCompile Include="sampling\random-sampler.cpp">
      <Filter>Source Files</Filter>
    </ClCompile>
    <ClCompile Include="demo\split-depth-demo.cpp">
      <Filter>Source Files</Filter>
    </ClCompile>
    <ClCompile Include="demo\sampler-demo.cpp">
      <Filter>Source Files</Filter>
    </ClCompile>
    <ClCompile Include="sampling\stratified-fixed-sampler.cpp">
      <Filter>Source Files</Filter>
    </ClCompile>
    <ClCompile Include="sampling\stratified-jittered-sampler.cpp">
      <Filter>Source Files</Filter>
    </ClCompile>
    <ClCompile Include="sampling\stratified-half-jittered-sampler.cpp">
      <Filter>Source Files</Filter>
    </ClCompile>
    <ClCompile Include="sampling\nrooks-sampler.cpp">
      <Filter>Source Files</Filter>
    </ClCompile>
    <ClCompile Include="sampling\multi-jittered-sampler.cpp">
      <Filter>Source Files</Filter>
    </ClCompile>
    <ClCompile Include="materials\pattern-materials.cpp">
      <Filter>Source Files</Filter>
    </ClCompile>
    <ClCompile Include="tests\fisheye-camera-tests.cpp">
      <Filter>Source Files</Filter>
    </ClCompile>
    <ClCompile Include="pipeline\ppm-consumer.cpp">
      <Filter>Source Files</Filter>
    </ClCompile>
    <ClCompile Include="pipeline\bmp-consumer.cpp">
      <Filter>Source Files</Filter>
    </ClCompile>
    <ClCompile Include="util\misc.cpp">
      <Filter>Source Files</Filter>
    </ClCompile>
    <ClCompile Include="animation\circular-animation.cpp">
      <Filter>Source Files</Filter>
    </ClCompile>
    <ClCompile Include="util\beep.cpp">
      <Filter>Source Files</Filter>
    </ClCompile>
    <ClCompile Include="math\functions\marble.cpp">
      <Filter>Source Files</Filter>
    </ClCompile>
    <ClCompile Include="math\functions\wood.cpp">
      <Filter>Source Files</Filter>
    </ClCompile>
    <ClCompile Include="tests\interval-tests.cpp">
      <Filter>Source Files</Filter>
    </ClCompile>
    <ClCompile Include="tests\animation-tests.cpp">
      <Filter>Source Files</Filter>
    </ClCompile>
    <ClCompile Include="tests\scripting-tests.cpp">
      <Filter>Source Files</Filter>
    </ClCompile>
    <ClCompile Include="scripting\animation-module.cpp">
      <Filter>Source Files</Filter>
    </ClCompile>
    <ClCompile Include="scripting\cameras-module.cpp">
      <Filter>Source Files</Filter>
    </ClCompile>
    <ClCompile Include="scripting\imaging-module.cpp">
      <Filter>Source Files</Filter>
    </ClCompile>
    <ClCompile Include="scripting\lights-module.cpp">
      <Filter>Source Files</Filter>
    </ClCompile>
    <ClCompile Include="scripting\materials-module.cpp">
      <Filter>Source Files</Filter>
    </ClCompile>
    <ClCompile Include="scripting\math-module.cpp">
      <Filter>Source Files</Filter>
    </ClCompile>
    <ClCompile Include="scripting\pipeline-module.cpp">
      <Filter>Source Files</Filter>
    </ClCompile>
    <ClCompile Include="scripting\primitives-module.cpp">
      <Filter>Source Files</Filter>
    </ClCompile>
    <ClCompile Include="scripting\raytracing-module.cpp">
      <Filter>Source Files</Filter>
    </ClCompile>
    <ClCompile Include="scripting\rendering-module.cpp">
      <Filter>Source Files</Filter>
    </ClCompile>
    <ClCompile Include="scripting\samplers-module.cpp">
      <Filter>Source Files</Filter>
    </ClCompile>
    <ClCompile Include="scripting\scripting.cpp">
      <Filter>Source Files</Filter>
    </ClCompile>
    <ClCompile Include="tests\quaternion-tests.cpp">
      <Filter>Source Files</Filter>
    </ClCompile>
    <ClCompile Include="animation\lissajous.cpp">
      <Filter>Source Files</Filter>
    </ClCompile>
    <ClCompile Include="tests\transformation-tests.cpp">
      <Filter>Source Files</Filter>
    </ClCompile>
  </ItemGroup>
  <ItemGroup>
    <ClInclude Include="imaging\bitmap.h">
      <Filter>Header Files</Filter>
    </ClInclude>
    <ClInclude Include="imaging\color.h">
      <Filter>Header Files</Filter>
    </ClInclude>
    <ClInclude Include="math\ray.h">
      <Filter>Header Files</Filter>
    </ClInclude>
    <ClInclude Include="math\interval.h">
      <Filter>Header Files</Filter>
    </ClInclude>
    <ClInclude Include="cameras\perspective-camera.h">
      <Filter>Header Files</Filter>
    </ClInclude>
    <ClInclude Include="primitives\primitive.h">
      <Filter>Header Files</Filter>
    </ClInclude>
    <ClInclude Include="primitives\hit.h">
      <Filter>Header Files</Filter>
    </ClInclude>
    <ClInclude Include="util\misc.h">
      <Filter>Header Files</Filter>
    </ClInclude>
    <ClInclude Include="primitives\sphere.h">
      <Filter>Header Files</Filter>
    </ClInclude>
    <ClInclude Include="math\rectangle3d.h">
      <Filter>Header Files</Filter>
    </ClInclude>
    <ClInclude Include="math\rectangle2d.h">
      <Filter>Header Files</Filter>
    </ClInclude>
    <ClInclude Include="primitives\union.h">
      <Filter>Header Files</Filter>
    </ClInclude>
    <ClInclude Include="math\matrix4d.h">
      <Filter>Header Files</Filter>
    </ClInclude>
    <ClInclude Include="math\transformation.h">
      <Filter>Header Files</Filter>
    </ClInclude>
    <ClInclude Include="primitives\transformer.h">
      <Filter>Header Files</Filter>
    </ClInclude>
    <ClInclude Include="Catch.h">
      <Filter>Header Files</Filter>
    </ClInclude>
    <ClInclude Include="materials\uniform-material.h">
      <Filter>Header Files</Filter>
    </ClInclude>
    <ClInclude Include="primitives\decorator.h">
      <Filter>Header Files</Filter>
    </ClInclude>
    <ClInclude Include="math\angle.h">
      <Filter>Header Files</Filter>
    </ClInclude>
    <ClInclude Include="math\interval-mapper.h">
      <Filter>Header Files</Filter>
    </ClInclude>
    <ClInclude Include="math\rasterizer.h">
      <Filter>Header Files</Filter>
    </ClInclude>
    <ClInclude Include="animation\animation.h">
      <Filter>Header Files</Filter>
    </ClInclude>
    <ClInclude Include="cameras\camera.h">
      <Filter>Header Files</Filter>
    </ClInclude>
    <ClInclude Include="primitives\primitives.h">
      <Filter>Header Files</Filter>
    </ClInclude>
    <ClInclude Include="materials\materials.h">
      <Filter>Header Files</Filter>
    </ClInclude>
    <ClInclude Include="easylogging++.h">
      <Filter>Header Files</Filter>
    </ClInclude>
    <ClInclude Include="materials\material.h">
      <Filter>Header Files</Filter>
    </ClInclude>
    <ClInclude Include="primitives\cylinder.h">
      <Filter>Header Files</Filter>
    </ClInclude>
    <ClInclude Include="logging.h">
      <Filter>Header Files</Filter>
    </ClInclude>
    <ClInclude Include="math\functions\bool-mapper.h">
      <Filter>Header Files</Filter>
    </ClInclude>
    <ClInclude Include="imaging\color-mapper.h">
      <Filter>Header Files</Filter>
    </ClInclude>
    <ClInclude Include="math\functions\noise.h">
      <Filter>Header Files</Filter>
    </ClInclude>
    <ClInclude Include="math\functions\patterns.h">
      <Filter>Header Files</Filter>
    </ClInclude>
    <ClInclude Include="math\function.h">
      <Filter>Header Files</Filter>
    </ClInclude>
    <ClInclude Include="primitives\hit-position.h">
      <Filter>Header Files</Filter>
    </ClInclude>
    <ClInclude Include="primitives\plane.h">
      <Filter>Header Files</Filter>
    </ClInclude>
    <ClInclude Include="primitives\intersection.h">
      <Filter>Header Files</Filter>
    </ClInclude>
    <ClInclude Include="cameras\orthographic-camera.h">
      <Filter>Header Files</Filter>
    </ClInclude>
    <ClInclude Include="cameras\cameras.h">
      <Filter>Header Files</Filter>
    </ClInclude>
    <ClInclude Include="cameras\fisheye-camera.h">
      <Filter>Header Files</Filter>
    </ClInclude>
    <ClInclude Include="math\approx.h">
      <Filter>Header Files</Filter>
    </ClInclude>
    <ClInclude Include="lights\light-source.h">
      <Filter>Header Files</Filter>
    </ClInclude>
    <ClInclude Include="lights\point-light.h">
      <Filter>Header Files</Filter>
    </ClInclude>
    <ClInclude Include="lights\omnidirectional-point-light.h">
      <Filter>Header Files</Filter>
    </ClInclude>
    <ClInclude Include="lights\lights.h">
      <Filter>Header Files</Filter>
    </ClInclude>
    <ClInclude Include="raytracing\scene.h">
      <Filter>Header Files</Filter>
    </ClInclude>
    <ClInclude Include="raytracing\ray-tracer.h">
      <Filter>Header Files</Filter>
    </ClInclude>
    <ClInclude Include="primitives\cropper.h">
      <Filter>Header Files</Filter>
    </ClInclude>
    <ClInclude Include="primitives\disk.h">
      <Filter>Header Files</Filter>
    </ClInclude>
    <ClInclude Include="math\misc.h">
      <Filter>Header Files</Filter>
    </ClInclude>
    <ClInclude Include="math\quadratic_equation.h">
      <Filter>Header Files</Filter>
    </ClInclude>
    <ClInclude Include="lights\directional-light.h">
      <Filter>Header Files</Filter>
    </ClInclude>
    <ClInclude Include="primitives\triangle.h">
      <Filter>Header Files</Filter>
    </ClInclude>
    <ClInclude Include="math\box.h">
      <Filter>Header Files</Filter>
    </ClInclude>
    <ClInclude Include="primitives\bounding-box-accelerator.h">
      <Filter>Header Files</Filter>
    </ClInclude>
    <ClInclude Include="primitives\mesh.h">
      <Filter>Header Files</Filter>
    </ClInclude>
    <ClInclude Include="animation\duration.h">
      <Filter>Header Files</Filter>
    </ClInclude>
    <ClInclude Include="animation\time-stamp.h">
      <Filter>Header Files</Filter>
    </ClInclude>
    <ClInclude Include="lights\spot-light.h">
      <Filter>Header Files</Filter>
    </ClInclude>
    <ClInclude Include="math\quaternion.h">
      <Filter>Header Files</Filter>
    </ClInclude>
    <ClInclude Include="math\functions\random-function.h">
      <Filter>Header Files</Filter>
    </ClInclude>
    <ClInclude Include="util\lazy.h">
      <Filter>Header Files</Filter>
    </ClInclude>
    <ClInclude Include="math\functions\worley.h">
      <Filter>Header Files</Filter>
    </ClInclude>
    <ClInclude Include="materials\worley-material.h">
      <Filter>Header Files</Filter>
    </ClInclude>
    <ClInclude Include="primitives\fast-mesh.h">
      <Filter>Header Files</Filter>
    </ClInclude>
    <ClInclude Include="primitives\cone.h">
      <Filter>Header Files</Filter>
    </ClInclude>
    <ClInclude Include="sampling\sampler.h">
      <Filter>Header Files</Filter>
    </ClInclude>
    <ClInclude Include="sampling\single-sampler.h">
      <Filter>Header Files</Filter>
    </ClInclude>
    <ClInclude Include="lights\light-ray.h">
      <Filter>Header Files</Filter>
    </ClInclude>
    <ClInclude Include="rendering\renderer.h">
      <Filter>Header Files</Filter>
    </ClInclude>
    <ClInclude Include="cameras\displaceable-camera.h">
      <Filter>Header Files</Filter>
    </ClInclude>
    <ClInclude Include="cameras\depth-of-field-perspective-camera.h">
      <Filter>Header Files</Filter>
    </ClInclude>
    <ClInclude Include="materials\material-properties.h">
      <Filter>Header Files</Filter>
    </ClInclude>
    <ClInclude Include="lights\area-light.h">
      <Filter>Header Files</Filter>
    </ClInclude>
    <ClInclude Include="raytracing\binary-ray-tracer.h">
      <Filter>Header Files</Filter>
    </ClInclude>
    <ClInclude Include="raytracing\ray-tracers.h">
      <Filter>Header Files</Filter>
    </ClInclude>
    <ClInclude Include="math\functions\easing-functions.h">
      <Filter>Header Files</Filter>
    </ClInclude>
    <ClInclude Include="math\functions\perlin.h">
      <Filter>Header Files</Filter>
    </ClInclude>
    <ClInclude Include="materials\marble-material.h">
      <Filter>Header Files</Filter>
    </ClInclude>
    <ClInclude Include="imaging\ppm-format.h">
      <Filter>Header Files</Filter>
    </ClInclude>
    <ClInclude Include="rendering\renderers.h">
      <Filter>Header Files</Filter>
    </ClInclude>
    <ClInclude Include="sampling\samplers.h">
      <Filter>Header Files</Filter>
    </ClInclude>
    <ClInclude Include="raytracing\ray-tracer-v1.h">
      <Filter>Header Files</Filter>
    </ClInclude>
    <ClInclude Include="raytracing\ray-tracer-v2.h">
      <Filter>Header Files</Filter>
    </ClInclude>
    <ClInclude Include="raytracing\ray-tracer-v3.h">
      <Filter>Header Files</Filter>
    </ClInclude>
    <ClInclude Include="demo\demos.h">
      <Filter>Header Files</Filter>
    </ClInclude>
    <ClInclude Include="raytracing\ray-tracer-v5.h">
      <Filter>Header Files</Filter>
    </ClInclude>
    <ClInclude Include="raytracing\ray-tracer-v4.h">
      <Filter>Header Files</Filter>
    </ClInclude>
    <ClInclude Include="raytracing\ray-tracer-v6.h">
      <Filter>Header Files</Filter>
    </ClInclude>
    <ClInclude Include="rendering\cartoon-renderer.h">
      <Filter>Header Files</Filter>
    </ClInclude>
    <ClInclude Include="data-structures\array.h">
      <Filter>Header Files</Filter>
    </ClInclude>
    <ClInclude Include="data-structures\grid.h">
      <Filter>Header Files</Filter>
    </ClInclude>
    <ClInclude Include="primitives\group.h">
      <Filter>Header Files</Filter>
    </ClInclude>
    <ClInclude Include="materials\wood-material.h">
      <Filter>Header Files</Filter>
    </ClInclude>
    <ClInclude Include="math\point.h">
      <Filter>Header Files</Filter>
    </ClInclude>
    <ClInclude Include="math\vector.h">
      <Filter>Header Files</Filter>
    </ClInclude>
    <ClInclude Include="demo\marble-animation-demo.h">
      <Filter>Header Files</Filter>
    </ClInclude>
    <ClInclude Include="demo\depth-of-field-demo.h">
      <Filter>Header Files</Filter>
    </ClInclude>
    <ClInclude Include="demo\fisheye-demo.h">
      <Filter>Header Files</Filter>
    </ClInclude>
    <ClInclude Include="rendering\edge-renderer.h">
      <Filter>Header Files</Filter>
    </ClInclude>
    <ClInclude Include="data-structures\position.h">
      <Filter>Header Files</Filter>
    </ClInclude>
    <ClInclude Include="imaging\bmp-format.h">
      <Filter>Header Files</Filter>
    </ClInclude>
    <ClInclude Include="pipeline\consumer.h">
      <Filter>Header Files</Filter>
    </ClInclude>
    <ClInclude Include="pipeline\producer.h">
      <Filter>Header Files</Filter>
    </ClInclude>
    <ClInclude Include="pipeline\processor.h">
      <Filter>Header Files</Filter>
    </ClInclude>
    <ClInclude Include="pipeline\animation-processor.h">
      <Filter>Header Files</Filter>
    </ClInclude>
    <ClInclude Include="pipeline\renderer-processor.h">
      <Filter>Header Files</Filter>
    </ClInclude>
    <ClInclude Include="pipeline\wif-consumer.h">
      <Filter>Header Files</Filter>
    </ClInclude>
    <ClInclude Include="pipeline\motion-blur-processor.h">
      <Filter>Header Files</Filter>
    </ClInclude>
    <ClInclude Include="pipeline\pipelines.h">
      <Filter>Header Files</Filter>
    </ClInclude>
    <ClInclude Include="imaging\wif-format.h">
      <Filter>Header Files</Filter>
    </ClInclude>
    <ClInclude Include="pipeline\pipeline-builder.h">
      <Filter>Header Files</Filter>
    </ClInclude>
    <ClInclude Include="util\looper.h">
      <Filter>Header Files</Filter>
    </ClInclude>
    <ClInclude Include="rendering\standard-renderer.h">
      <Filter>Header Files</Filter>
    </ClInclude>
    <ClInclude Include="pipeline\overprint-processor.h">
      <Filter>Header Files</Filter>
    </ClInclude>
    <ClInclude Include="pipeline\inverter-processor.h">
      <Filter>Header Files</Filter>
    </ClInclude>
    <ClInclude Include="pipeline\pipeline.h">
      <Filter>Header Files</Filter>
    </ClInclude>
    <ClInclude Include="lights\anisotropic-light.h">
      <Filter>Header Files</Filter>
    </ClInclude>
    <ClInclude Include="math\coordinate-systems.h">
      <Filter>Header Files</Filter>
    </ClInclude>
    <ClInclude Include="math\functions\constant.h">
      <Filter>Header Files</Filter>
    </ClInclude>
    <ClInclude Include="math\functions\identity.h">
      <Filter>Header Files</Filter>
    </ClInclude>
    <ClInclude Include="math\functions.h">
      <Filter>Header Files</Filter>
    </ClInclude>
    <ClInclude Include="math\functions\gauss.h">
      <Filter>Header Files</Filter>
    </ClInclude>
    <ClInclude Include="math\quantize.h">
      <Filter>Header Files</Filter>
    </ClInclude>
    <ClInclude Include="materials\texture-material.h">
      <Filter>Header Files</Filter>
    </ClInclude>
    <ClInclude Include="imaging\bitmap-function.h">
      <Filter>Header Files</Filter>
    </ClInclude>
    <ClInclude Include="rendering\split-depth-renderer.h">
      <Filter>Header Files</Filter>
    </ClInclude>
    <ClInclude Include="raytracing\trace-result.h">
      <Filter>Header Files</Filter>
    </ClInclude>
    <ClInclude Include="primitives\bumpifier.h">
      <Filter>Header Files</Filter>
    </ClInclude>
    <ClInclude Include="demo\sphere-bumpifier-demo.h">
      <Filter>Header Files</Filter>
    </ClInclude>
    <ClInclude Include="demo\plane-bumpifier-demo.h">
      <Filter>Header Files</Filter>
    </ClInclude>
    <ClInclude Include="sampling\random-sampler.h">
      <Filter>Header Files</Filter>
    </ClInclude>
    <ClInclude Include="demo\split-depth-demo.h">
      <Filter>Header Files</Filter>
    </ClInclude>
    <ClInclude Include="demo\sampler-demo.h">
      <Filter>Header Files</Filter>
    </ClInclude>
    <ClInclude Include="sampling\stratified-fixed-sampler.h">
      <Filter>Header Files</Filter>
    </ClInclude>
    <ClInclude Include="sampling\stratified-jittered-sampler.h">
      <Filter>Header Files</Filter>
    </ClInclude>
    <ClInclude Include="sampling\stratified-half-jittered-sampler.h">
      <Filter>Header Files</Filter>
    </ClInclude>
    <ClInclude Include="sampling\nrooks-sampler.h">
      <Filter>Header Files</Filter>
    </ClInclude>
    <ClInclude Include="sampling\multi-jittered-sampler.h">
      <Filter>Header Files</Filter>
    </ClInclude>
    <ClInclude Include="chaiscript\dispatchkit\any.hpp">
      <Filter>Header Files</Filter>
    </ClInclude>
    <ClInclude Include="chaiscript\dispatchkit\bad_boxed_cast.hpp">
      <Filter>Header Files</Filter>
    </ClInclude>
    <ClInclude Include="chaiscript\dispatchkit\bind_first.hpp">
      <Filter>Header Files</Filter>
    </ClInclude>
    <ClInclude Include="chaiscript\dispatchkit\bootstrap.hpp">
      <Filter>Header Files</Filter>
    </ClInclude>
    <ClInclude Include="chaiscript\dispatchkit\bootstrap_stl.hpp">
      <Filter>Header Files</Filter>
    </ClInclude>
    <ClInclude Include="chaiscript\dispatchkit\boxed_cast.hpp">
      <Filter>Header Files</Filter>
    </ClInclude>
    <ClInclude Include="chaiscript\dispatchkit\boxed_cast_helper.hpp">
      <Filter>Header Files</Filter>
    </ClInclude>
    <ClInclude Include="chaiscript\dispatchkit\boxed_number.hpp">
      <Filter>Header Files</Filter>
    </ClInclude>
    <ClInclude Include="chaiscript\dispatchkit\boxed_value.hpp">
      <Filter>Header Files</Filter>
    </ClInclude>
    <ClInclude Include="chaiscript\dispatchkit\callable_traits.hpp">
      <Filter>Header Files</Filter>
    </ClInclude>
    <ClInclude Include="chaiscript\dispatchkit\dispatchkit.hpp">
      <Filter>Header Files</Filter>
    </ClInclude>
    <ClInclude Include="chaiscript\dispatchkit\dynamic_object.hpp">
      <Filter>Header Files</Filter>
    </ClInclude>
    <ClInclude Include="chaiscript\dispatchkit\dynamic_object_detail.hpp">
      <Filter>Header Files</Filter>
    </ClInclude>
    <ClInclude Include="chaiscript\dispatchkit\exception_specification.hpp">
      <Filter>Header Files</Filter>
    </ClInclude>
    <ClInclude Include="chaiscript\dispatchkit\function_call.hpp">
      <Filter>Header Files</Filter>
    </ClInclude>
    <ClInclude Include="chaiscript\dispatchkit\function_call_detail.hpp">
      <Filter>Header Files</Filter>
    </ClInclude>
    <ClInclude Include="chaiscript\dispatchkit\handle_return.hpp">
      <Filter>Header Files</Filter>
    </ClInclude>
    <ClInclude Include="chaiscript\dispatchkit\operators.hpp">
      <Filter>Header Files</Filter>
    </ClInclude>
    <ClInclude Include="chaiscript\dispatchkit\proxy_constructors.hpp">
      <Filter>Header Files</Filter>
    </ClInclude>
    <ClInclude Include="chaiscript\dispatchkit\proxy_functions.hpp">
      <Filter>Header Files</Filter>
    </ClInclude>
    <ClInclude Include="chaiscript\dispatchkit\proxy_functions_detail.hpp">
      <Filter>Header Files</Filter>
    </ClInclude>
    <ClInclude Include="chaiscript\dispatchkit\register_function.hpp">
      <Filter>Header Files</Filter>
    </ClInclude>
    <ClInclude Include="chaiscript\dispatchkit\type_conversions.hpp">
      <Filter>Header Files</Filter>
    </ClInclude>
    <ClInclude Include="chaiscript\dispatchkit\type_info.hpp">
      <Filter>Header Files</Filter>
    </ClInclude>
    <ClInclude Include="chaiscript\language\chaiscript_algebraic.hpp">
      <Filter>Header Files</Filter>
    </ClInclude>
    <ClInclude Include="chaiscript\language\chaiscript_common.hpp">
      <Filter>Header Files</Filter>
    </ClInclude>
    <ClInclude Include="chaiscript\language\chaiscript_engine.hpp">
      <Filter>Header Files</Filter>
    </ClInclude>
    <ClInclude Include="chaiscript\language\chaiscript_eval.hpp">
      <Filter>Header Files</Filter>
    </ClInclude>
    <ClInclude Include="chaiscript\language\chaiscript_parser.hpp">
      <Filter>Header Files</Filter>
    </ClInclude>
    <ClInclude Include="chaiscript\language\chaiscript_prelude_docs.hpp">
      <Filter>Header Files</Filter>
    </ClInclude>
    <ClInclude Include="chaiscript\utility\json.hpp">
      <Filter>Header Files</Filter>
    </ClInclude>
    <ClInclude Include="chaiscript\utility\json_wrap.hpp">
      <Filter>Header Files</Filter>
    </ClInclude>
    <ClInclude Include="chaiscript\utility\utility.hpp">
      <Filter>Header Files</Filter>
    </ClInclude>
    <ClInclude Include="chaiscript\chaiscript.hpp">
      <Filter>Header Files</Filter>
    </ClInclude>
    <ClInclude Include="chaiscript\chaiscript_defines.hpp">
      <Filter>Header Files</Filter>
    </ClInclude>
    <ClInclude Include="chaiscript\chaiscript_stdlib.hpp">
      <Filter>Header Files</Filter>
    </ClInclude>
    <ClInclude Include="chaiscript\chaiscript_threading.hpp">
      <Filter>Header Files</Filter>
    </ClInclude>
    <ClInclude Include="materials\pattern-materials.h">
      <Filter>Header Files</Filter>
    </ClInclude>
    <ClInclude Include="pipeline\ppm-consumer.h">
      <Filter>Header Files</Filter>
    </ClInclude>
    <ClInclude Include="version.h">
      <Filter>Header Files</Filter>
    </ClInclude>
    <ClInclude Include="pipeline\bmp-consumer.h">
      <Filter>Header Files</Filter>
    </ClInclude>
    <ClInclude Include="pipeline\null-consumer.h">
      <Filter>Header Files</Filter>
    </ClInclude>
    <ClInclude Include="animation\circular-animation.h">
      <Filter>Header Files</Filter>
    </ClInclude>
    <ClInclude Include="animation\animations.h">
      <Filter>Header Files</Filter>
    </ClInclude>
    <ClInclude Include="animation\interval-animation.h">
      <Filter>Header Files</Filter>
    </ClInclude>
    <ClInclude Include="animation\ease-animation.h">
      <Filter>Header Files</Filter>
    </ClInclude>
    <ClInclude Include="util\beep.h">
      <Filter>Header Files</Filter>
    </ClInclude>
    <ClInclude Include="animation\redimensioner.h">
      <Filter>Header Files</Filter>
    </ClInclude>
    <ClInclude Include="math\functions\marble.h">
      <Filter>Header Files</Filter>
    </ClInclude>
    <ClInclude Include="math\functions\wood.h">
      <Filter>Header Files</Filter>
    </ClInclude>
    <ClInclude Include="scripting\animation-module.h">
      <Filter>Header Files</Filter>
    </ClInclude>
    <ClInclude Include="scripting\cameras-module.h">
      <Filter>Header Files</Filter>
    </ClInclude>
    <ClInclude Include="scripting\imaging-module.h">
      <Filter>Header Files</Filter>
    </ClInclude>
    <ClInclude Include="scripting\lights-module.h">
      <Filter>Header Files</Filter>
    </ClInclude>
    <ClInclude Include="scripting\materials-module.h">
      <Filter>Header Files</Filter>
    </ClInclude>
    <ClInclude Include="scripting\math-module.h">
      <Filter>Header Files</Filter>
    </ClInclude>
    <ClInclude Include="scripting\pipeline-module.h">
      <Filter>Header Files</Filter>
    </ClInclude>
    <ClInclude Include="scripting\primitives-module.h">
      <Filter>Header Files</Filter>
    </ClInclude>
    <ClInclude Include="scripting\raytracing-module.h">
      <Filter>Header Files</Filter>
    </ClInclude>
    <ClInclude Include="scripting\rendering-module.h">
      <Filter>Header Files</Filter>
    </ClInclude>
    <ClInclude Include="scripting\samplers-module.h">
      <Filter>Header Files</Filter>
    </ClInclude>
    <ClInclude Include="scripting\scripting.h">
      <Filter>Header Files</Filter>
    </ClInclude>
    <ClInclude Include="scripting\scripting-util.h">
      <Filter>Header Files</Filter>
    </ClInclude>
    <ClInclude Include="animation\lissajous.h">
      <Filter>Header Files</Filter>
    </ClInclude>
    <ClInclude Include="animation\animation-sequence.h">
      <Filter>Header Files</Filter>
    </ClInclude>
  </ItemGroup>
</Project>