<?xml version="1.0" encoding="utf-8"?>
<Project ToolsVersion="4.0" xmlns="http://schemas.microsoft.com/developer/msbuild/2003">
  <ItemGroup>
    <Filter Include="Source Files">
      <UniqueIdentifier>{4FC737F1-C7A5-4376-A066-2A32D752A2FF}</UniqueIdentifier>
      <Extensions>cpp;c;cc;cxx;def;odl;idl;hpj;bat;asm;asmx</Extensions>
    </Filter>
    <Filter Include="Header Files">
      <UniqueIdentifier>{93995380-89BD-4b04-88EB-625FBE52EBFB}</UniqueIdentifier>
      <Extensions>h;hh;hpp;hxx;hm;inl;inc;xsd</Extensions>
    </Filter>
    <Filter Include="Resource Files">
      <UniqueIdentifier>{67DA6AB6-F800-4c08-8B7A-83BB121AAD01}</UniqueIdentifier>
      <Extensions>rc;ico;cur;bmp;dlg;rc2;rct;bin;rgs;gif;jpg;jpeg;jpe;resx;tiff;tif;png;wav;mfcribbon-ms</Extensions>
    </Filter>
  </ItemGroup>
  <ItemGroup>
    <ClCompile Include="imaging\bitmap.cpp">
      <Filter>Source Files</Filter>
    </ClCompile>
    <ClCompile Include="imaging\color.cpp">
      <Filter>Source Files</Filter>
    </ClCompile>
    <ClCompile Include="math\vector3d.cpp">
      <Filter>Source Files</Filter>
    </ClCompile>
    <ClCompile Include="math\point3d.cpp">
      <Filter>Source Files</Filter>
    </ClCompile>
    <ClCompile Include="math\vector2d.cpp">
      <Filter>Source Files</Filter>
    </ClCompile>
    <ClCompile Include="math\point2d.cpp">
      <Filter>Source Files</Filter>
    </ClCompile>
    <ClCompile Include="math\rasteriser.cpp">
      <Filter>Source Files</Filter>
    </ClCompile>
    <ClCompile Include="math\interval.cpp">
      <Filter>Source Files</Filter>
    </ClCompile>
    <ClCompile Include="math\interval_mapper.cpp">
      <Filter>Source Files</Filter>
    </ClCompile>
    <ClCompile Include="cameras\PerspectiveCamera.cpp">
      <Filter>Source Files</Filter>
    </ClCompile>
    <ClCompile Include="primitives\Sphere.cpp">
      <Filter>Source Files</Filter>
    </ClCompile>
    <ClCompile Include="App.cpp">
      <Filter>Source Files</Filter>
    </ClCompile>
    <ClCompile Include="math\rectangle3d.cpp">
      <Filter>Source Files</Filter>
    </ClCompile>
    <ClCompile Include="rendering\SingleSampler.cpp">
      <Filter>Source Files</Filter>
    </ClCompile>
    <ClCompile Include="math\rectangle2d.cpp">
      <Filter>Source Files</Filter>
    </ClCompile>
    <ClCompile Include="rendering\GridSampler.cpp">
      <Filter>Source Files</Filter>
    </ClCompile>
    <ClCompile Include="primitives\Union.cpp">
      <Filter>Source Files</Filter>
    </ClCompile>
    <ClCompile Include="math\matrix4d.cpp">
      <Filter>Source Files</Filter>
    </ClCompile>
    <ClCompile Include="math\transformation.cpp">
      <Filter>Source Files</Filter>
    </ClCompile>
    <ClCompile Include="math\ray.cpp">
      <Filter>Source Files</Filter>
    </ClCompile>
    <ClCompile Include="primitives\Transformer.cpp">
      <Filter>Source Files</Filter>
    </ClCompile>
    <ClCompile Include="tests\main.cpp">
      <Filter>Source Files</Filter>
    </ClCompile>
    <ClCompile Include="tests\rasteriser_tests.cpp">
      <Filter>Source Files</Filter>
    </ClCompile>
    <ClCompile Include="primitives\Plane.cpp">
      <Filter>Source Files</Filter>
    </ClCompile>
    <ClCompile Include="materials\UniformMaterial.cpp">
      <Filter>Source Files</Filter>
    </ClCompile>
    <ClCompile Include="primitives\Decorator.cpp">
      <Filter>Source Files</Filter>
    </ClCompile>
    <ClCompile Include="materials\CheckeredMaterial.cpp">
      <Filter>Source Files</Filter>
    </ClCompile>
    <ClCompile Include="imaging\bmp_format.cpp">
      <Filter>Source Files</Filter>
    </ClCompile>
    <ClCompile Include="imaging\wif_format.cpp">
      <Filter>Source Files</Filter>
    </ClCompile>
    <ClCompile Include="scripting\tokens.cpp">
      <Filter>Source Files</Filter>
    </ClCompile>
    <ClCompile Include="scripting\stream_line_reader.cpp">
      <Filter>Source Files</Filter>
    </ClCompile>
    <ClCompile Include="scripting\string_reader.cpp">
      <Filter>Source Files</Filter>
    </ClCompile>
    <ClCompile Include="tests\stream_line_reader_tests.cpp">
      <Filter>Source Files</Filter>
    </ClCompile>
  </ItemGroup>
  <ItemGroup>
    <ClInclude Include="imaging\bitmap.h">
      <Filter>Header Files</Filter>
    </ClInclude>
    <ClInclude Include="imaging\color.h">
      <Filter>Header Files</Filter>
    </ClInclude>
    <ClInclude Include="util\position.h">
      <Filter>Header Files</Filter>
    </ClInclude>
    <ClInclude Include="util\array.h">
      <Filter>Header Files</Filter>
    </ClInclude>
    <ClInclude Include="math\vector3d.h">
      <Filter>Header Files</Filter>
    </ClInclude>
    <ClInclude Include="math\ray.h">
      <Filter>Header Files</Filter>
    </ClInclude>
    <ClInclude Include="cameras\Camera.h">
      <Filter>Header Files</Filter>
    </ClInclude>
    <ClInclude Include="math\vector2d.h">
      <Filter>Header Files</Filter>
    </ClInclude>
    <ClInclude Include="math\point3d.h">
      <Filter>Header Files</Filter>
    </ClInclude>
    <ClInclude Include="math\point2d.h">
      <Filter>Header Files</Filter>
    </ClInclude>
    <ClInclude Include="math\rasteriser.h">
      <Filter>Header Files</Filter>
    </ClInclude>
    <ClInclude Include="math\interval.h">
      <Filter>Header Files</Filter>
    </ClInclude>
    <ClInclude Include="math\interval_mapper.h">
      <Filter>Header Files</Filter>
    </ClInclude>
    <ClInclude Include="math\util.h">
      <Filter>Header Files</Filter>
    </ClInclude>
    <ClInclude Include="cameras\PerspectiveCamera.h">
      <Filter>Header Files</Filter>
    </ClInclude>
    <ClInclude Include="primitives\Primitive.h">
      <Filter>Header Files</Filter>
    </ClInclude>
    <ClInclude Include="primitives\Hit.h">
      <Filter>Header Files</Filter>
    </ClInclude>
    <ClInclude Include="util\misc.h">
      <Filter>Header Files</Filter>
    </ClInclude>
    <ClInclude Include="primitives\Sphere.h">
      <Filter>Header Files</Filter>
    </ClInclude>
    <ClInclude Include="math\rectangle3d.h">
      <Filter>Header Files</Filter>
    </ClInclude>
    <ClInclude Include="math\rectangle2d.h">
      <Filter>Header Files</Filter>
    </ClInclude>
    <ClInclude Include="rendering\Sampler.h">
      <Filter>Header Files</Filter>
    </ClInclude>
    <ClInclude Include="rendering\SingleSampler.h">
      <Filter>Header Files</Filter>
    </ClInclude>
    <ClInclude Include="rendering\GridSampler.h">
      <Filter>Header Files</Filter>
    </ClInclude>
    <ClInclude Include="primitives\Union.h">
      <Filter>Header Files</Filter>
    </ClInclude>
    <ClInclude Include="math\matrix4d.h">
      <Filter>Header Files</Filter>
    </ClInclude>
    <ClInclude Include="math\transformation.h">
      <Filter>Header Files</Filter>
    </ClInclude>
    <ClInclude Include="primitives\Transformer.h">
      <Filter>Header Files</Filter>
    </ClInclude>
    <ClInclude Include="Catch.h">
      <Filter>Header Files</Filter>
    </ClInclude>
    <ClInclude Include="primitives\Plane.h">
      <Filter>Header Files</Filter>
    </ClInclude>
    <ClInclude Include="materials\Material3D.h">
      <Filter>Header Files</Filter>
    </ClInclude>
    <ClInclude Include="materials\UniformMaterial.h">
      <Filter>Header Files</Filter>
    </ClInclude>
    <ClInclude Include="primitives\Decorator.h">
      <Filter>Header Files</Filter>
    </ClInclude>
    <ClInclude Include="materials\CheckeredMaterial.h">
      <Filter>Header Files</Filter>
    </ClInclude>
    <ClInclude Include="imaging\wif_format.h">
      <Filter>Header Files</Filter>
    </ClInclude>
    <ClInclude Include="animation\Animation.h">
      <Filter>Header Files</Filter>
    </ClInclude>
    <ClInclude Include="scripting\tokens.h">
      <Filter>Header Files</Filter>
    </ClInclude>
    <ClInclude Include="scripting\reader.h">
      <Filter>Header Files</Filter>
    </ClInclude>
    <ClInclude Include="scripting\stream_line_reader.h">
      <Filter>Header Files</Filter>
    </ClInclude>
    <ClInclude Include="scripting\string_reader.h">
      <Filter>Header Files</Filter>
    </ClInclude>
  </ItemGroup>
</Project>