
Microsoft Visual Studio Solution File, Format Version 12.00
# Visual Studio 14
VisualStudioVersion = 14.0.25420.1
MinimumVisualStudioVersion = 10.0.40219.1
Project("{8BC9CEB8-8B4A-11D0-8D11-00A0C91BC942}") = "raytracer", "raytracer\raytracer.vcxproj", "{91038B33-14FE-4EC4-A761-D26EBB65751D}"
EndProject
Global
	GlobalSection(SolutionConfigurationPlatforms) = preSolution
		Debug - No Scripting|x64 = Debug - No Scripting|x64
		Debug - No Scripting|x86 = Debug - No Scripting|x86
		Debug|x64 = Debug|x64
		Debug|x86 = Debug|x86
		Release - No Scripting|x64 = Release - No Scripting|x64
		Release - No Scripting|x86 = Release - No Scripting|x86
		Release|x64 = Release|x64
		Release|x86 = Release|x86
		Test - No Scripting|x64 = Test - No Scripting|x64
		Test - No Scripting|x86 = Test - No Scripting|x86
		Test|x64 = Test|x64
		Test|x86 = Test|x86
	EndGlobalSection
	GlobalSection(ProjectConfigurationPlatforms) = postSolution
		{91038B33-14FE-4EC4-A761-D26EBB65751D}.Debug - No Scripting|x64.ActiveCfg = Debug - No Scripting|x64
		{91038B33-14FE-4EC4-A761-D26EBB65751D}.Debug - No Scripting|x64.Build.0 = Debug - No Scripting|x64
		{91038B33-14FE-4EC4-A761-D26EBB65751D}.Debug - No Scripting|x86.ActiveCfg = Debug - No Scripting|Win32
		{91038B33-14FE-4EC4-A761-D26EBB65751D}.Debug - No Scripting|x86.Build.0 = Debug - No Scripting|Win32
		{91038B33-14FE-4EC4-A761-D26EBB65751D}.Debug|x64.ActiveCfg = Debug|x64
		{91038B33-14FE-4EC4-A761-D26EBB65751D}.Debug|x64.Build.0 = Debug|x64
		{91038B33-14FE-4EC4-A761-D26EBB65751D}.Debug|x86.ActiveCfg = Debug|Win32
		{91038B33-14FE-4EC4-A761-D26EBB65751D}.Debug|x86.Build.0 = Debug|Win32
		{91038B33-14FE-4EC4-A761-D26EBB65751D}.Release - No Scripting|x64.ActiveCfg = Release - No Scripting|x64
		{91038B33-14FE-4EC4-A761-D26EBB65751D}.Release - No Scripting|x64.Build.0 = Release - No Scripting|x64
		{91038B33-14FE-4EC4-A761-D26EBB65751D}.Release - No Scripting|x86.ActiveCfg = Release - No Scripting|Win32
		{91038B33-14FE-4EC4-A761-D26EBB65751D}.Release - No Scripting|x86.Build.0 = Release - No Scripting|Win32
		{91038B33-14FE-4EC4-A761-D26EBB65751D}.Release|x64.ActiveCfg = Release|x64
		{91038B33-14FE-4EC4-A761-D26EBB65751D}.Release|x64.Build.0 = Release|x64
		{91038B33-14FE-4EC4-A761-D26EBB65751D}.Release|x86.ActiveCfg = Release|Win32
		{91038B33-14FE-4EC4-A761-D26EBB65751D}.Release|x86.Build.0 = Release|Win32
		{91038B33-14FE-4EC4-A761-D26EBB65751D}.Test - No Scripting|x64.ActiveCfg = Test - No Scripting|x64
		{91038B33-14FE-4EC4-A761-D26EBB65751D}.Test - No Scripting|x64.Build.0 = Test - No Scripting|x64
		{91038B33-14FE-4EC4-A761-D26EBB65751D}.Test - No Scripting|x86.ActiveCfg = Test - No Scripting|Win32
		{91038B33-14FE-4EC4-A761-D26EBB65751D}.Test - No Scripting|x86.Build.0 = Test - No Scripting|Win32
		{91038B33-14FE-4EC4-A761-D26EBB65751D}.Test|x64.ActiveCfg = Test|x64
		{91038B33-14FE-4EC4-A761-D26EBB65751D}.Test|x64.Build.0 = Test|x64
		{91038B33-14FE-4EC4-A761-D26EBB65751D}.Test|x86.ActiveCfg = Test|Win32
		{91038B33-14FE-4EC4-A761-D26EBB65751D}.Test|x86.Build.0 = Test|Win32
	EndGlobalSection
	GlobalSection(SolutionProperties) = preSolution
		HideSolutionNode = FALSE
	EndGlobalSection
EndGlobal
